
Microsoft Visual Studio Solution File, Format Version 12.00
# Visual Studio Version 16
VisualStudioVersion = 16.0.30907.101
MinimumVisualStudioVersion = 10.0.40219.1
Project("{FAE04EC0-301F-11D3-BF4B-00C04F79EFBC}") = "LoUAM", "LoUAM\LoUAM.csproj", "{B91D3575-2723-4C98-BF8E-DC9459C10DB1}"
EndProject
Project("{FAE04EC0-301F-11D3-BF4B-00C04F79EFBC}") = "LoU", "LoU\LoU.csproj", "{99E17151-042B-499D-B752-5B185AB289FA}"
EndProject
Project("{9A19103F-16F7-4668-BE54-9A1E7A4F7556}") = "SharpMonoInjector", "SharpMonoInjector\src\SharpMonoInjector\SharpMonoInjector.csproj", "{DFD6D9BE-4DA5-4FBC-9F34-10D75D3E5318}"
EndProject
Global
	GlobalSection(SolutionConfigurationPlatforms) = preSolution
		Debug|Any CPU = Debug|Any CPU
		Debug|x64 = Debug|x64
		Debug|x86 = Debug|x86
		Release|Any CPU = Release|Any CPU
		Release|x64 = Release|x64
		Release|x86 = Release|x86
	EndGlobalSection
	GlobalSection(ProjectConfigurationPlatforms) = postSolution
		{B91D3575-2723-4C98-BF8E-DC9459C10DB1}.Debug|Any CPU.ActiveCfg = Debug|Any CPU
		{B91D3575-2723-4C98-BF8E-DC9459C10DB1}.Debug|Any CPU.Build.0 = Debug|Any CPU
		{B91D3575-2723-4C98-BF8E-DC9459C10DB1}.Debug|x64.ActiveCfg = Debug|x64
		{B91D3575-2723-4C98-BF8E-DC9459C10DB1}.Debug|x64.Build.0 = Debug|x64
		{B91D3575-2723-4C98-BF8E-DC9459C10DB1}.Debug|x86.ActiveCfg = Debug|Any CPU
		{B91D3575-2723-4C98-BF8E-DC9459C10DB1}.Debug|x86.Build.0 = Debug|Any CPU
		{B91D3575-2723-4C98-BF8E-DC9459C10DB1}.Release|Any CPU.ActiveCfg = Release|Any CPU
		{B91D3575-2723-4C98-BF8E-DC9459C10DB1}.Release|Any CPU.Build.0 = Release|Any CPU
		{B91D3575-2723-4C98-BF8E-DC9459C10DB1}.Release|x64.ActiveCfg = Release|x64
		{B91D3575-2723-4C98-BF8E-DC9459C10DB1}.Release|x64.Build.0 = Release|x64
		{B91D3575-2723-4C98-BF8E-DC9459C10DB1}.Release|x86.ActiveCfg = Release|Any CPU
		{B91D3575-2723-4C98-BF8E-DC9459C10DB1}.Release|x86.Build.0 = Release|Any CPU
		{99E17151-042B-499D-B752-5B185AB289FA}.Debug|Any CPU.ActiveCfg = Debug|Any CPU
		{99E17151-042B-499D-B752-5B185AB289FA}.Debug|Any CPU.Build.0 = Debug|Any CPU
		{99E17151-042B-499D-B752-5B185AB289FA}.Debug|x64.ActiveCfg = Debug|x64
		{99E17151-042B-499D-B752-5B185AB289FA}.Debug|x64.Build.0 = Debug|x64
		{99E17151-042B-499D-B752-5B185AB289FA}.Debug|x86.ActiveCfg = Debug|Any CPU
		{99E17151-042B-499D-B752-5B185AB289FA}.Debug|x86.Build.0 = Debug|Any CPU
		{99E17151-042B-499D-B752-5B185AB289FA}.Release|Any CPU.ActiveCfg = Release|Any CPU
		{99E17151-042B-499D-B752-5B185AB289FA}.Release|Any CPU.Build.0 = Release|Any CPU
		{99E17151-042B-499D-B752-5B185AB289FA}.Release|x64.ActiveCfg = Release|x64
		{99E17151-042B-499D-B752-5B185AB289FA}.Release|x64.Build.0 = Release|x64
		{99E17151-042B-499D-B752-5B185AB289FA}.Release|x86.ActiveCfg = Release|Any CPU
		{99E17151-042B-499D-B752-5B185AB289FA}.Release|x86.Build.0 = Release|Any CPU
		{DFD6D9BE-4DA5-4FBC-9F34-10D75D3E5318}.Debug|Any CPU.ActiveCfg = Debug|Any CPU
		{DFD6D9BE-4DA5-4FBC-9F34-10D75D3E5318}.Debug|Any CPU.Build.0 = Debug|Any CPU
		{DFD6D9BE-4DA5-4FBC-9F34-10D75D3E5318}.Debug|x64.ActiveCfg = Debug|x64
		{DFD6D9BE-4DA5-4FBC-9F34-10D75D3E5318}.Debug|x64.Build.0 = Debug|x64
		{DFD6D9BE-4DA5-4FBC-9F34-10D75D3E5318}.Debug|x86.ActiveCfg = Debug|Any CPU
		{DFD6D9BE-4DA5-4FBC-9F34-10D75D3E5318}.Debug|x86.Build.0 = Debug|Any CPU
		{DFD6D9BE-4DA5-4FBC-9F34-10D75D3E5318}.Release|Any CPU.ActiveCfg = Release|Any CPU
		{DFD6D9BE-4DA5-4FBC-9F34-10D75D3E5318}.Release|Any CPU.Build.0 = Release|Any CPU
		{DFD6D9BE-4DA5-4FBC-9F34-10D75D3E5318}.Release|x64.ActiveCfg = Release|x64
		{DFD6D9BE-4DA5-4FBC-9F34-10D75D3E5318}.Release|x64.Build.0 = Release|x64
		{DFD6D9BE-4DA5-4FBC-9F34-10D75D3E5318}.Release|x86.ActiveCfg = Release|Any CPU
		{DFD6D9BE-4DA5-4FBC-9F34-10D75D3E5318}.Release|x86.Build.0 = Release|Any CPU
	EndGlobalSection
	GlobalSection(SolutionProperties) = preSolution
		HideSolutionNode = FALSE
	EndGlobalSection
	GlobalSection(ExtensibilityGlobals) = postSolution
		SolutionGuid = {D646350C-465A-442C-AA1B-6FC03BA03016}
	EndGlobalSection
EndGlobal
