
Microsoft Visual Studio Solution File, Format Version 12.00
# Visual Studio 15
VisualStudioVersion = 15.0.28307.1000
MinimumVisualStudioVersion = 10.0.40219.1
Project("{FAE04EC0-301F-11D3-BF4B-00C04F79EFBC}") = "LoUAM", "LoUAM\LoUAM.csproj", "{B91D3575-2723-4C98-BF8E-DC9459C10DB1}"
EndProject
Project("{FAE04EC0-301F-11D3-BF4B-00C04F79EFBC}") = "LOU", "LoU\LOU.csproj", "{99E17151-042B-499D-B752-5B185AB289FA}"
EndProject
Project("{9A19103F-16F7-4668-BE54-9A1E7A4F7556}") = "SharpMonoInjector", "SharpMonoInjector\src\SharpMonoInjector\SharpMonoInjector.csproj", "{DFD6D9BE-4DA5-4FBC-9F34-10D75D3E5318}"
EndProject
Project("{FAE04EC0-301F-11D3-BF4B-00C04F79EFBC}") = "AssetStudio", "AssetStudio\AssetStudio\AssetStudio.csproj", "{7662F8C2-7BFD-442E-A948-A43B4F7EB06E}"
EndProject
Project("{8BC9CEB8-8B4A-11D0-8D11-00A0C91BC942}") = "Texture2DDecoderNative", "AssetStudio\Texture2DDecoderNative\Texture2DDecoderNative.vcxproj", "{29356642-C46E-4144-83D8-22DC09D0D7FD}"
EndProject
Project("{FAE04EC0-301F-11D3-BF4B-00C04F79EFBC}") = "Texture2DDecoderWrapper", "AssetStudio\Texture2DDecoderWrapper\Texture2DDecoderWrapper.csproj", "{2AFCE830-B463-49B3-A026-877E5EAFC0A4}"
EndProject
Project("{FAE04EC0-301F-11D3-BF4B-00C04F79EFBC}") = "AssetStudioUtility", "AssetStudio\AssetStudioUtility\AssetStudioUtility.csproj", "{80AEC261-21EE-4E4F-A93B-7A744DC84888}"
EndProject
Project("{FAE04EC0-301F-11D3-BF4B-00C04F79EFBC}") = "AssetStudio.PInvoke", "AssetStudio\AssetStudio.PInvoke\AssetStudio.PInvoke.csproj", "{40C796B5-88CE-4ADC-ACD6-2F4862B7F136}"
EndProject
Project("{FAE04EC0-301F-11D3-BF4B-00C04F79EFBC}") = "AssetStudioFBXWrapper", "AssetStudio\AssetStudioFBXWrapper\AssetStudioFBXWrapper.csproj", "{BD76E63F-1517-47FA-8233-33E853A3ACEE}"
EndProject
Global
	GlobalSection(SolutionConfigurationPlatforms) = preSolution
		Debug|Any CPU = Debug|Any CPU
		Debug|x64 = Debug|x64
		Debug|x86 = Debug|x86
		Release|Any CPU = Release|Any CPU
		Release|x64 = Release|x64
		Release|x86 = Release|x86
	EndGlobalSection
	GlobalSection(ProjectConfigurationPlatforms) = postSolution
		{B91D3575-2723-4C98-BF8E-DC9459C10DB1}.Debug|Any CPU.ActiveCfg = Debug|Any CPU
		{B91D3575-2723-4C98-BF8E-DC9459C10DB1}.Debug|Any CPU.Build.0 = Debug|Any CPU
		{B91D3575-2723-4C98-BF8E-DC9459C10DB1}.Debug|x64.ActiveCfg = Debug|x64
		{B91D3575-2723-4C98-BF8E-DC9459C10DB1}.Debug|x64.Build.0 = Debug|x64
		{B91D3575-2723-4C98-BF8E-DC9459C10DB1}.Debug|x86.ActiveCfg = Debug|Any CPU
		{B91D3575-2723-4C98-BF8E-DC9459C10DB1}.Debug|x86.Build.0 = Debug|Any CPU
		{B91D3575-2723-4C98-BF8E-DC9459C10DB1}.Release|Any CPU.ActiveCfg = Release|Any CPU
		{B91D3575-2723-4C98-BF8E-DC9459C10DB1}.Release|Any CPU.Build.0 = Release|Any CPU
		{B91D3575-2723-4C98-BF8E-DC9459C10DB1}.Release|x64.ActiveCfg = Release|x64
		{B91D3575-2723-4C98-BF8E-DC9459C10DB1}.Release|x64.Build.0 = Release|x64
		{B91D3575-2723-4C98-BF8E-DC9459C10DB1}.Release|x86.ActiveCfg = Release|Any CPU
		{B91D3575-2723-4C98-BF8E-DC9459C10DB1}.Release|x86.Build.0 = Release|Any CPU
		{99E17151-042B-499D-B752-5B185AB289FA}.Debug|Any CPU.ActiveCfg = Debug|Any CPU
		{99E17151-042B-499D-B752-5B185AB289FA}.Debug|Any CPU.Build.0 = Debug|Any CPU
		{99E17151-042B-499D-B752-5B185AB289FA}.Debug|x64.ActiveCfg = Debug|x64
		{99E17151-042B-499D-B752-5B185AB289FA}.Debug|x64.Build.0 = Debug|x64
		{99E17151-042B-499D-B752-5B185AB289FA}.Debug|x86.ActiveCfg = Debug|Any CPU
		{99E17151-042B-499D-B752-5B185AB289FA}.Debug|x86.Build.0 = Debug|Any CPU
		{99E17151-042B-499D-B752-5B185AB289FA}.Release|Any CPU.ActiveCfg = Release|Any CPU
		{99E17151-042B-499D-B752-5B185AB289FA}.Release|Any CPU.Build.0 = Release|Any CPU
		{99E17151-042B-499D-B752-5B185AB289FA}.Release|x64.ActiveCfg = Release|x64
		{99E17151-042B-499D-B752-5B185AB289FA}.Release|x64.Build.0 = Release|x64
		{99E17151-042B-499D-B752-5B185AB289FA}.Release|x86.ActiveCfg = Release|Any CPU
		{99E17151-042B-499D-B752-5B185AB289FA}.Release|x86.Build.0 = Release|Any CPU
		{DFD6D9BE-4DA5-4FBC-9F34-10D75D3E5318}.Debug|Any CPU.ActiveCfg = Debug|Any CPU
		{DFD6D9BE-4DA5-4FBC-9F34-10D75D3E5318}.Debug|Any CPU.Build.0 = Debug|Any CPU
		{DFD6D9BE-4DA5-4FBC-9F34-10D75D3E5318}.Debug|x64.ActiveCfg = Debug|x64
		{DFD6D9BE-4DA5-4FBC-9F34-10D75D3E5318}.Debug|x64.Build.0 = Debug|x64
		{DFD6D9BE-4DA5-4FBC-9F34-10D75D3E5318}.Debug|x86.ActiveCfg = Debug|Any CPU
		{DFD6D9BE-4DA5-4FBC-9F34-10D75D3E5318}.Debug|x86.Build.0 = Debug|Any CPU
		{DFD6D9BE-4DA5-4FBC-9F34-10D75D3E5318}.Release|Any CPU.ActiveCfg = Release|Any CPU
		{DFD6D9BE-4DA5-4FBC-9F34-10D75D3E5318}.Release|Any CPU.Build.0 = Release|Any CPU
		{DFD6D9BE-4DA5-4FBC-9F34-10D75D3E5318}.Release|x64.ActiveCfg = Release|x64
		{DFD6D9BE-4DA5-4FBC-9F34-10D75D3E5318}.Release|x64.Build.0 = Release|x64
		{DFD6D9BE-4DA5-4FBC-9F34-10D75D3E5318}.Release|x86.ActiveCfg = Release|Any CPU
		{DFD6D9BE-4DA5-4FBC-9F34-10D75D3E5318}.Release|x86.Build.0 = Release|Any CPU
		{7662F8C2-7BFD-442E-A948-A43B4F7EB06E}.Debug|Any CPU.ActiveCfg = Debug|Any CPU
		{7662F8C2-7BFD-442E-A948-A43B4F7EB06E}.Debug|Any CPU.Build.0 = Debug|Any CPU
		{7662F8C2-7BFD-442E-A948-A43B4F7EB06E}.Debug|x64.ActiveCfg = Debug|x64
		{7662F8C2-7BFD-442E-A948-A43B4F7EB06E}.Debug|x64.Build.0 = Debug|x64
		{7662F8C2-7BFD-442E-A948-A43B4F7EB06E}.Debug|x86.ActiveCfg = Debug|Any CPU
		{7662F8C2-7BFD-442E-A948-A43B4F7EB06E}.Debug|x86.Build.0 = Debug|Any CPU
		{7662F8C2-7BFD-442E-A948-A43B4F7EB06E}.Release|Any CPU.ActiveCfg = Release|Any CPU
		{7662F8C2-7BFD-442E-A948-A43B4F7EB06E}.Release|Any CPU.Build.0 = Release|Any CPU
		{7662F8C2-7BFD-442E-A948-A43B4F7EB06E}.Release|x64.ActiveCfg = Release|x64
		{7662F8C2-7BFD-442E-A948-A43B4F7EB06E}.Release|x64.Build.0 = Release|x64
		{7662F8C2-7BFD-442E-A948-A43B4F7EB06E}.Release|x86.ActiveCfg = Release|Any CPU
		{7662F8C2-7BFD-442E-A948-A43B4F7EB06E}.Release|x86.Build.0 = Release|Any CPU
		{29356642-C46E-4144-83D8-22DC09D0D7FD}.Debug|Any CPU.ActiveCfg = Debug|Win32
		{29356642-C46E-4144-83D8-22DC09D0D7FD}.Debug|x64.ActiveCfg = Debug|x64
		{29356642-C46E-4144-83D8-22DC09D0D7FD}.Debug|x64.Build.0 = Debug|x64
		{29356642-C46E-4144-83D8-22DC09D0D7FD}.Debug|x86.ActiveCfg = Debug|Win32
		{29356642-C46E-4144-83D8-22DC09D0D7FD}.Debug|x86.Build.0 = Debug|Win32
		{29356642-C46E-4144-83D8-22DC09D0D7FD}.Release|Any CPU.ActiveCfg = Release|Win32
		{29356642-C46E-4144-83D8-22DC09D0D7FD}.Release|x64.ActiveCfg = Release|x64
		{29356642-C46E-4144-83D8-22DC09D0D7FD}.Release|x64.Build.0 = Release|x64
		{29356642-C46E-4144-83D8-22DC09D0D7FD}.Release|x86.ActiveCfg = Release|Win32
		{29356642-C46E-4144-83D8-22DC09D0D7FD}.Release|x86.Build.0 = Release|Win32
		{2AFCE830-B463-49B3-A026-877E5EAFC0A4}.Debug|Any CPU.ActiveCfg = Debug|Any CPU
		{2AFCE830-B463-49B3-A026-877E5EAFC0A4}.Debug|Any CPU.Build.0 = Debug|Any CPU
		{2AFCE830-B463-49B3-A026-877E5EAFC0A4}.Debug|x64.ActiveCfg = Debug|x64
		{2AFCE830-B463-49B3-A026-877E5EAFC0A4}.Debug|x64.Build.0 = Debug|x64
		{2AFCE830-B463-49B3-A026-877E5EAFC0A4}.Debug|x86.ActiveCfg = Debug|Any CPU
		{2AFCE830-B463-49B3-A026-877E5EAFC0A4}.Debug|x86.Build.0 = Debug|Any CPU
		{2AFCE830-B463-49B3-A026-877E5EAFC0A4}.Release|Any CPU.ActiveCfg = Release|Any CPU
		{2AFCE830-B463-49B3-A026-877E5EAFC0A4}.Release|Any CPU.Build.0 = Release|Any CPU
		{2AFCE830-B463-49B3-A026-877E5EAFC0A4}.Release|x64.ActiveCfg = Release|x64
		{2AFCE830-B463-49B3-A026-877E5EAFC0A4}.Release|x64.Build.0 = Release|x64
		{2AFCE830-B463-49B3-A026-877E5EAFC0A4}.Release|x86.ActiveCfg = Release|Any CPU
		{2AFCE830-B463-49B3-A026-877E5EAFC0A4}.Release|x86.Build.0 = Release|Any CPU
		{80AEC261-21EE-4E4F-A93B-7A744DC84888}.Debug|Any CPU.ActiveCfg = Debug|Any CPU
		{80AEC261-21EE-4E4F-A93B-7A744DC84888}.Debug|Any CPU.Build.0 = Debug|Any CPU
		{80AEC261-21EE-4E4F-A93B-7A744DC84888}.Debug|x64.ActiveCfg = Debug|x64
		{80AEC261-21EE-4E4F-A93B-7A744DC84888}.Debug|x64.Build.0 = Debug|x64
		{80AEC261-21EE-4E4F-A93B-7A744DC84888}.Debug|x86.ActiveCfg = Debug|Any CPU
		{80AEC261-21EE-4E4F-A93B-7A744DC84888}.Debug|x86.Build.0 = Debug|Any CPU
		{80AEC261-21EE-4E4F-A93B-7A744DC84888}.Release|Any CPU.ActiveCfg = Release|Any CPU
		{80AEC261-21EE-4E4F-A93B-7A744DC84888}.Release|Any CPU.Build.0 = Release|Any CPU
		{80AEC261-21EE-4E4F-A93B-7A744DC84888}.Release|x64.ActiveCfg = Release|x64
		{80AEC261-21EE-4E4F-A93B-7A744DC84888}.Release|x64.Build.0 = Release|x64
		{80AEC261-21EE-4E4F-A93B-7A744DC84888}.Release|x86.ActiveCfg = Release|Any CPU
		{80AEC261-21EE-4E4F-A93B-7A744DC84888}.Release|x86.Build.0 = Release|Any CPU
		{40C796B5-88CE-4ADC-ACD6-2F4862B7F136}.Debug|Any CPU.ActiveCfg = Debug|Any CPU
		{40C796B5-88CE-4ADC-ACD6-2F4862B7F136}.Debug|Any CPU.Build.0 = Debug|Any CPU
		{40C796B5-88CE-4ADC-ACD6-2F4862B7F136}.Debug|x64.ActiveCfg = Debug|x64
		{40C796B5-88CE-4ADC-ACD6-2F4862B7F136}.Debug|x64.Build.0 = Debug|x64
		{40C796B5-88CE-4ADC-ACD6-2F4862B7F136}.Debug|x86.ActiveCfg = Debug|Any CPU
		{40C796B5-88CE-4ADC-ACD6-2F4862B7F136}.Debug|x86.Build.0 = Debug|Any CPU
		{40C796B5-88CE-4ADC-ACD6-2F4862B7F136}.Release|Any CPU.ActiveCfg = Release|Any CPU
		{40C796B5-88CE-4ADC-ACD6-2F4862B7F136}.Release|Any CPU.Build.0 = Release|Any CPU
		{40C796B5-88CE-4ADC-ACD6-2F4862B7F136}.Release|x64.ActiveCfg = Release|x64
		{40C796B5-88CE-4ADC-ACD6-2F4862B7F136}.Release|x64.Build.0 = Release|x64
		{40C796B5-88CE-4ADC-ACD6-2F4862B7F136}.Release|x86.ActiveCfg = Release|Any CPU
		{40C796B5-88CE-4ADC-ACD6-2F4862B7F136}.Release|x86.Build.0 = Release|Any CPU
		{BD76E63F-1517-47FA-8233-33E853A3ACEE}.Debug|Any CPU.ActiveCfg = Debug|Any CPU
		{BD76E63F-1517-47FA-8233-33E853A3ACEE}.Debug|Any CPU.Build.0 = Debug|Any CPU
		{BD76E63F-1517-47FA-8233-33E853A3ACEE}.Debug|x64.ActiveCfg = Debug|x64
		{BD76E63F-1517-47FA-8233-33E853A3ACEE}.Debug|x64.Build.0 = Debug|x64
		{BD76E63F-1517-47FA-8233-33E853A3ACEE}.Debug|x86.ActiveCfg = Debug|Any CPU
		{BD76E63F-1517-47FA-8233-33E853A3ACEE}.Debug|x86.Build.0 = Debug|Any CPU
		{BD76E63F-1517-47FA-8233-33E853A3ACEE}.Release|Any CPU.ActiveCfg = Release|Any CPU
		{BD76E63F-1517-47FA-8233-33E853A3ACEE}.Release|Any CPU.Build.0 = Release|Any CPU
		{BD76E63F-1517-47FA-8233-33E853A3ACEE}.Release|x64.ActiveCfg = Release|x64
		{BD76E63F-1517-47FA-8233-33E853A3ACEE}.Release|x64.Build.0 = Release|x64
		{BD76E63F-1517-47FA-8233-33E853A3ACEE}.Release|x86.ActiveCfg = Release|Any CPU
		{BD76E63F-1517-47FA-8233-33E853A3ACEE}.Release|x86.Build.0 = Release|Any CPU
	EndGlobalSection
	GlobalSection(SolutionProperties) = preSolution
		HideSolutionNode = FALSE
	EndGlobalSection
	GlobalSection(ExtensibilityGlobals) = postSolution
		SolutionGuid = {D646350C-465A-442C-AA1B-6FC03BA03016}
	EndGlobalSection
EndGlobal
